
Microsoft Visual Studio Solution File, Format Version 12.00
# Visual Studio 15
VisualStudioVersion = 15.0.26730.16
MinimumVisualStudioVersion = 10.0.40219.1
Project("{FAE04EC0-301F-11D3-BF4B-00C04F79EFBC}") = "SockMerchant", "SockMerchant\SockMerchant.csproj", "{0DE4A039-94E2-41D9-A938-0D16FFEAE681}"
EndProject
Project("{FAE04EC0-301F-11D3-BF4B-00C04F79EFBC}") = "CountingValleys", "CountingValleys\CountingValleys.csproj", "{745D6F62-96AE-45E9-A709-4E4DD06B07DE}"
EndProject
Global
	GlobalSection(SolutionConfigurationPlatforms) = preSolution
		Debug|Any CPU = Debug|Any CPU
		Release|Any CPU = Release|Any CPU
	EndGlobalSection
	GlobalSection(ProjectConfigurationPlatforms) = postSolution
		{0DE4A039-94E2-41D9-A938-0D16FFEAE681}.Debug|Any CPU.ActiveCfg = Debug|Any CPU
		{0DE4A039-94E2-41D9-A938-0D16FFEAE681}.Debug|Any CPU.Build.0 = Debug|Any CPU
		{0DE4A039-94E2-41D9-A938-0D16FFEAE681}.Release|Any CPU.ActiveCfg = Release|Any CPU
		{0DE4A039-94E2-41D9-A938-0D16FFEAE681}.Release|Any CPU.Build.0 = Release|Any CPU
		{745D6F62-96AE-45E9-A709-4E4DD06B07DE}.Debug|Any CPU.ActiveCfg = Debug|Any CPU
		{745D6F62-96AE-45E9-A709-4E4DD06B07DE}.Debug|Any CPU.Build.0 = Debug|Any CPU
		{745D6F62-96AE-45E9-A709-4E4DD06B07DE}.Release|Any CPU.ActiveCfg = Release|Any CPU
		{745D6F62-96AE-45E9-A709-4E4DD06B07DE}.Release|Any CPU.Build.0 = Release|Any CPU
	EndGlobalSection
	GlobalSection(SolutionProperties) = preSolution
		HideSolutionNode = FALSE
	EndGlobalSection
	GlobalSection(ExtensibilityGlobals) = postSolution
		SolutionGuid = {0561CA86-1D50-45D0-B067-CB7E2D558E47}
	EndGlobalSection
EndGlobal
